
Microsoft Visual Studio Solution File, Format Version 12.00
# Visual Studio Version 16
VisualStudioVersion = 16.0.30114.105
MinimumVisualStudioVersion = 10.0.40219.1
Project("{FAE04EC0-301F-11D3-BF4B-00C04F79EFBC}") = "API", "API\API.csproj", "{8450F6ED-62AB-4442-B910-014736244BDF}"
EndProject
Project("{FAE04EC0-301F-11D3-BF4B-00C04F79EFBC}") = "Application", "Application\Application.csproj", "{6BE0A3FB-2FF0-4321-A99A-95AF05D1895D}"
EndProject
Project("{FAE04EC0-301F-11D3-BF4B-00C04F79EFBC}") = "Persistence", "Persistence\Persistence.csproj", "{2B2C4F24-E770-4EF5-A6D5-3466299CB0C9}"
EndProject
Project("{FAE04EC0-301F-11D3-BF4B-00C04F79EFBC}") = "Domain", "Domain\Domain.csproj", "{0111383E-A61B-4EF0-8487-D776D030EE96}"
EndProject
Global
	GlobalSection(SolutionConfigurationPlatforms) = preSolution
		Debug|Any CPU = Debug|Any CPU
		Debug|x64 = Debug|x64
		Debug|x86 = Debug|x86
		Release|Any CPU = Release|Any CPU
		Release|x64 = Release|x64
		Release|x86 = Release|x86
	EndGlobalSection
	GlobalSection(SolutionProperties) = preSolution
		HideSolutionNode = FALSE
	EndGlobalSection
	GlobalSection(ProjectConfigurationPlatforms) = postSolution
		{8450F6ED-62AB-4442-B910-014736244BDF}.Debug|Any CPU.ActiveCfg = Debug|Any CPU
		{8450F6ED-62AB-4442-B910-014736244BDF}.Debug|Any CPU.Build.0 = Debug|Any CPU
		{8450F6ED-62AB-4442-B910-014736244BDF}.Debug|x64.ActiveCfg = Debug|Any CPU
		{8450F6ED-62AB-4442-B910-014736244BDF}.Debug|x64.Build.0 = Debug|Any CPU
		{8450F6ED-62AB-4442-B910-014736244BDF}.Debug|x86.ActiveCfg = Debug|Any CPU
		{8450F6ED-62AB-4442-B910-014736244BDF}.Debug|x86.Build.0 = Debug|Any CPU
		{8450F6ED-62AB-4442-B910-014736244BDF}.Release|Any CPU.ActiveCfg = Release|Any CPU
		{8450F6ED-62AB-4442-B910-014736244BDF}.Release|Any CPU.Build.0 = Release|Any CPU
		{8450F6ED-62AB-4442-B910-014736244BDF}.Release|x64.ActiveCfg = Release|Any CPU
		{8450F6ED-62AB-4442-B910-014736244BDF}.Release|x64.Build.0 = Release|Any CPU
		{8450F6ED-62AB-4442-B910-014736244BDF}.Release|x86.ActiveCfg = Release|Any CPU
		{8450F6ED-62AB-4442-B910-014736244BDF}.Release|x86.Build.0 = Release|Any CPU
		{6BE0A3FB-2FF0-4321-A99A-95AF05D1895D}.Debug|Any CPU.ActiveCfg = Debug|Any CPU
		{6BE0A3FB-2FF0-4321-A99A-95AF05D1895D}.Debug|Any CPU.Build.0 = Debug|Any CPU
		{6BE0A3FB-2FF0-4321-A99A-95AF05D1895D}.Debug|x64.ActiveCfg = Debug|Any CPU
		{6BE0A3FB-2FF0-4321-A99A-95AF05D1895D}.Debug|x64.Build.0 = Debug|Any CPU
		{6BE0A3FB-2FF0-4321-A99A-95AF05D1895D}.Debug|x86.ActiveCfg = Debug|Any CPU
		{6BE0A3FB-2FF0-4321-A99A-95AF05D1895D}.Debug|x86.Build.0 = Debug|Any CPU
		{6BE0A3FB-2FF0-4321-A99A-95AF05D1895D}.Release|Any CPU.ActiveCfg = Release|Any CPU
		{6BE0A3FB-2FF0-4321-A99A-95AF05D1895D}.Release|Any CPU.Build.0 = Release|Any CPU
		{6BE0A3FB-2FF0-4321-A99A-95AF05D1895D}.Release|x64.ActiveCfg = Release|Any CPU
		{6BE0A3FB-2FF0-4321-A99A-95AF05D1895D}.Release|x64.Build.0 = Release|Any CPU
		{6BE0A3FB-2FF0-4321-A99A-95AF05D1895D}.Release|x86.ActiveCfg = Release|Any CPU
		{6BE0A3FB-2FF0-4321-A99A-95AF05D1895D}.Release|x86.Build.0 = Release|Any CPU
		{2B2C4F24-E770-4EF5-A6D5-3466299CB0C9}.Debug|Any CPU.ActiveCfg = Debug|Any CPU
		{2B2C4F24-E770-4EF5-A6D5-3466299CB0C9}.Debug|Any CPU.Build.0 = Debug|Any CPU
		{2B2C4F24-E770-4EF5-A6D5-3466299CB0C9}.Debug|x64.ActiveCfg = Debug|Any CPU
		{2B2C4F24-E770-4EF5-A6D5-3466299CB0C9}.Debug|x64.Build.0 = Debug|Any CPU
		{2B2C4F24-E770-4EF5-A6D5-3466299CB0C9}.Debug|x86.ActiveCfg = Debug|Any CPU
		{2B2C4F24-E770-4EF5-A6D5-3466299CB0C9}.Debug|x86.Build.0 = Debug|Any CPU
		{2B2C4F24-E770-4EF5-A6D5-3466299CB0C9}.Release|Any CPU.ActiveCfg = Release|Any CPU
		{2B2C4F24-E770-4EF5-A6D5-3466299CB0C9}.Release|Any CPU.Build.0 = Release|Any CPU
		{2B2C4F24-E770-4EF5-A6D5-3466299CB0C9}.Release|x64.ActiveCfg = Release|Any CPU
		{2B2C4F24-E770-4EF5-A6D5-3466299CB0C9}.Release|x64.Build.0 = Release|Any CPU
		{2B2C4F24-E770-4EF5-A6D5-3466299CB0C9}.Release|x86.ActiveCfg = Release|Any CPU
		{2B2C4F24-E770-4EF5-A6D5-3466299CB0C9}.Release|x86.Build.0 = Release|Any CPU
		{0111383E-A61B-4EF0-8487-D776D030EE96}.Debug|Any CPU.ActiveCfg = Debug|Any CPU
		{0111383E-A61B-4EF0-8487-D776D030EE96}.Debug|Any CPU.Build.0 = Debug|Any CPU
		{0111383E-A61B-4EF0-8487-D776D030EE96}.Debug|x64.ActiveCfg = Debug|Any CPU
		{0111383E-A61B-4EF0-8487-D776D030EE96}.Debug|x64.Build.0 = Debug|Any CPU
		{0111383E-A61B-4EF0-8487-D776D030EE96}.Debug|x86.ActiveCfg = Debug|Any CPU
		{0111383E-A61B-4EF0-8487-D776D030EE96}.Debug|x86.Build.0 = Debug|Any CPU
		{0111383E-A61B-4EF0-8487-D776D030EE96}.Release|Any CPU.ActiveCfg = Release|Any CPU
		{0111383E-A61B-4EF0-8487-D776D030EE96}.Release|Any CPU.Build.0 = Release|Any CPU
		{0111383E-A61B-4EF0-8487-D776D030EE96}.Release|x64.ActiveCfg = Release|Any CPU
		{0111383E-A61B-4EF0-8487-D776D030EE96}.Release|x64.Build.0 = Release|Any CPU
		{0111383E-A61B-4EF0-8487-D776D030EE96}.Release|x86.ActiveCfg = Release|Any CPU
		{0111383E-A61B-4EF0-8487-D776D030EE96}.Release|x86.Build.0 = Release|Any CPU
	EndGlobalSection
EndGlobal
